
Microsoft Visual Studio Solution File, Format Version 12.00
# Visual Studio 15
VisualStudioVersion = 15.0.28307.329
MinimumVisualStudioVersion = 10.0.40219.1
Project("{9A19103F-16F7-4668-BE54-9A1E7A4F7556}") = "WebAPI", "WebAPI.csproj", "{F624454A-2C35-4E6E-8184-DB1ADDF9D5F4}"
EndProject
Global
	GlobalSection(SolutionConfigurationPlatforms) = preSolution
		Debug|Any CPU = Debug|Any CPU
		Release|Any CPU = Release|Any CPU
	EndGlobalSection
	GlobalSection(ProjectConfigurationPlatforms) = postSolution
		{F624454A-2C35-4E6E-8184-DB1ADDF9D5F4}.Debug|Any CPU.ActiveCfg = Debug|Any CPU
		{F624454A-2C35-4E6E-8184-DB1ADDF9D5F4}.Debug|Any CPU.Build.0 = Debug|Any CPU
		{F624454A-2C35-4E6E-8184-DB1ADDF9D5F4}.Release|Any CPU.ActiveCfg = Release|Any CPU
		{F624454A-2C35-4E6E-8184-DB1ADDF9D5F4}.Release|Any CPU.Build.0 = Release|Any CPU
	EndGlobalSection
	GlobalSection(SolutionProperties) = preSolution
		HideSolutionNode = FALSE
	EndGlobalSection
	GlobalSection(ExtensibilityGlobals) = postSolution
		SolutionGuid = {4A8AFCC7-E62F-4591-8CBC-465C57002F58}
	EndGlobalSection
EndGlobal
